
Microsoft Visual Studio Solution File, Format Version 12.00
# Visual Studio Version 17
VisualStudioVersion = 17.2.32519.379
MinimumVisualStudioVersion = 10.0.40219.1
Project("{FAE04EC0-301F-11D3-BF4B-00C04F79EFBC}") = "pryMoyaIEFI", "pryMoyaIEFI.csproj", "{5D7986DE-C51D-4A93-AC45-C775B7FD0A9D}"
EndProject
Global
	GlobalSection(SolutionConfigurationPlatforms) = preSolution
		Debug|Any CPU = Debug|Any CPU
		Release|Any CPU = Release|Any CPU
	EndGlobalSection
	GlobalSection(ProjectConfigurationPlatforms) = postSolution
		{5D7986DE-C51D-4A93-AC45-C775B7FD0A9D}.Debug|Any CPU.ActiveCfg = Debug|Any CPU
		{5D7986DE-C51D-4A93-AC45-C775B7FD0A9D}.Debug|Any CPU.Build.0 = Debug|Any CPU
		{5D7986DE-C51D-4A93-AC45-C775B7FD0A9D}.Release|Any CPU.ActiveCfg = Release|Any CPU
		{5D7986DE-C51D-4A93-AC45-C775B7FD0A9D}.Release|Any CPU.Build.0 = Release|Any CPU
	EndGlobalSection
	GlobalSection(SolutionProperties) = preSolution
		HideSolutionNode = FALSE
	EndGlobalSection
	GlobalSection(ExtensibilityGlobals) = postSolution
		SolutionGuid = {3FA72789-4B2D-4423-ADE2-B57142FD96E0}
	EndGlobalSection
EndGlobal
